// !$*UTF8*$!
{
	archiveVersion = 1;
	classes = {
	};
	objectVersion = 51;
	objects = {

/* Begin PBXBuildFile section */
		489B96662554D75F00E3C7B3 /* AppDelegate.swift in Sources */ = {isa = PBXBuildFile; fileRef = 489B96652554D75F00E3C7B3 /* AppDelegate.swift */; };
		489B966A2554D75F00E3C7B3 /* ViewController.swift in Sources */ = {isa = PBXBuildFile; fileRef = 489B96692554D75F00E3C7B3 /* ViewController.swift */; };
		489B966D2554D75F00E3C7B3 /* Main.storyboard in Resources */ = {isa = PBXBuildFile; fileRef = 489B966B2554D75F00E3C7B3 /* Main.storyboard */; };
		489B96702554D75F00E3C7B3 /* WeatherInfo.xcdatamodeld in Sources */ = {isa = PBXBuildFile; fileRef = 489B966E2554D75F00E3C7B3 /* WeatherInfo.xcdatamodeld */; };
		489B96722554D76100E3C7B3 /* Assets.xcassets in Resources */ = {isa = PBXBuildFile; fileRef = 489B96712554D76100E3C7B3 /* Assets.xcassets */; };
		489B96752554D76100E3C7B3 /* LaunchScreen.storyboard in Resources */ = {isa = PBXBuildFile; fileRef = 489B96732554D76100E3C7B3 /* LaunchScreen.storyboard */; };
		489B96802554D76100E3C7B3 /* WeatherInfoTests.swift in Sources */ = {isa = PBXBuildFile; fileRef = 489B967F2554D76100E3C7B3 /* WeatherInfoTests.swift */; };
		489B968B2554D76100E3C7B3 /* WeatherInfoUITests.swift in Sources */ = {isa = PBXBuildFile; fileRef = 489B968A2554D76100E3C7B3 /* WeatherInfoUITests.swift */; };
		489B96AF2554E1B800E3C7B3 /* ApiManager.swift in Sources */ = {isa = PBXBuildFile; fileRef = 489B96AE2554E1B800E3C7B3 /* ApiManager.swift */; };
		489B96B82554ED8600E3C7B3 /* WeatherInfoProperties.swift in Sources */ = {isa = PBXBuildFile; fileRef = 489B96B72554ED8600E3C7B3 /* WeatherInfoProperties.swift */; };
		489B96C02554EE8700E3C7B3 /* CoordinateProperties.swift in Sources */ = {isa = PBXBuildFile; fileRef = 489B96BF2554EE8700E3C7B3 /* CoordinateProperties.swift */; };
		489B96C52554EEB300E3C7B3 /* MainTempProperties.swift in Sources */ = {isa = PBXBuildFile; fileRef = 489B96C42554EEB300E3C7B3 /* MainTempProperties.swift */; };
		489B96CA2554EF0100E3C7B3 /* SysInfoProperties.swift in Sources */ = {isa = PBXBuildFile; fileRef = 489B96C92554EF0100E3C7B3 /* SysInfoProperties.swift */; };
		489B96DB2554F06A00E3C7B3 /* WeatherProperties.swift in Sources */ = {isa = PBXBuildFile; fileRef = 489B96DA2554F06A00E3C7B3 /* WeatherProperties.swift */; };
		489B96E02554F1C400E3C7B3 /* WindProperties.swift in Sources */ = {isa = PBXBuildFile; fileRef = 489B96DF2554F1C400E3C7B3 /* WindProperties.swift */; };
		489B96E52554F1D800E3C7B3 /* CloudsProperties.swift in Sources */ = {isa = PBXBuildFile; fileRef = 489B96E42554F1D800E3C7B3 /* CloudsProperties.swift */; };
		489B96F02555119F00E3C7B3 /* WeatherListViewModel.swift in Sources */ = {isa = PBXBuildFile; fileRef = 489B96EF2555119F00E3C7B3 /* WeatherListViewModel.swift */; };
		489B96F5255511B700E3C7B3 /* WeatherDetailViewModel.swift in Sources */ = {isa = PBXBuildFile; fileRef = 489B96F4255511B700E3C7B3 /* WeatherDetailViewModel.swift */; };
		489B96FA255511CD00E3C7B3 /* WeatherSearchViewModel.swift in Sources */ = {isa = PBXBuildFile; fileRef = 489B96F9255511CD00E3C7B3 /* WeatherSearchViewModel.swift */; };
		489B97032555177400E3C7B3 /* WeatherListProperties.swift in Sources */ = {isa = PBXBuildFile; fileRef = 489B97022555177400E3C7B3 /* WeatherListProperties.swift */; };
		489B970B25551CD400E3C7B3 /* StorageManager.swift in Sources */ = {isa = PBXBuildFile; fileRef = 489B970A25551CD400E3C7B3 /* StorageManager.swift */; };
		489B971425551D1600E3C7B3 /* StorageError.swift in Sources */ = {isa = PBXBuildFile; fileRef = 489B971325551D1600E3C7B3 /* StorageError.swift */; };
		9E97823ACE0F2F18A43B3821 /* Pods_WeatherInfoTests.framework in Frameworks */ = {isa = PBXBuildFile; fileRef = 6BD96B15DD7C88AA1619A9C3 /* Pods_WeatherInfoTests.framework */; };
		A6235417361156FCB3F7F09F /* Pods_WeatherInfo.framework in Frameworks */ = {isa = PBXBuildFile; fileRef = 1AE60DB14C6B585F6A7296BB /* Pods_WeatherInfo.framework */; };
/* End PBXBuildFile section */

/* Begin PBXContainerItemProxy section */
		489B967C2554D76100E3C7B3 /* PBXContainerItemProxy */ = {
			isa = PBXContainerItemProxy;
			containerPortal = 489B965A2554D75F00E3C7B3 /* Project object */;
			proxyType = 1;
			remoteGlobalIDString = 489B96612554D75F00E3C7B3;
			remoteInfo = WeatherInfo;
		};
		489B96872554D76100E3C7B3 /* PBXContainerItemProxy */ = {
			isa = PBXContainerItemProxy;
			containerPortal = 489B965A2554D75F00E3C7B3 /* Project object */;
			proxyType = 1;
			remoteGlobalIDString = 489B96612554D75F00E3C7B3;
			remoteInfo = WeatherInfo;
		};
/* End PBXContainerItemProxy section */

/* Begin PBXFileReference section */
		05F77BE55EEB2E7228C44324 /* Pods-WeatherInfo.debug.xcconfig */ = {isa = PBXFileReference; includeInIndex = 1; lastKnownFileType = text.xcconfig; name = "Pods-WeatherInfo.debug.xcconfig"; path = "Target Support Files/Pods-WeatherInfo/Pods-WeatherInfo.debug.xcconfig"; sourceTree = "<group>"; };
		1AE60DB14C6B585F6A7296BB /* Pods_WeatherInfo.framework */ = {isa = PBXFileReference; explicitFileType = wrapper.framework; includeInIndex = 0; path = Pods_WeatherInfo.framework; sourceTree = BUILT_PRODUCTS_DIR; };
		489B96622554D75F00E3C7B3 /* WeatherInfo.app */ = {isa = PBXFileReference; explicitFileType = wrapper.application; includeInIndex = 0; path = WeatherInfo.app; sourceTree = BUILT_PRODUCTS_DIR; };
		489B96652554D75F00E3C7B3 /* AppDelegate.swift */ = {isa = PBXFileReference; lastKnownFileType = sourcecode.swift; path = AppDelegate.swift; sourceTree = "<group>"; };
		489B96692554D75F00E3C7B3 /* ViewController.swift */ = {isa = PBXFileReference; lastKnownFileType = sourcecode.swift; path = ViewController.swift; sourceTree = "<group>"; };
		489B966C2554D75F00E3C7B3 /* Base */ = {isa = PBXFileReference; lastKnownFileType = file.storyboard; name = Base; path = Base.lproj/Main.storyboard; sourceTree = "<group>"; };
		489B966F2554D75F00E3C7B3 /* WeatherInfo.xcdatamodel */ = {isa = PBXFileReference; lastKnownFileType = wrapper.xcdatamodel; path = WeatherInfo.xcdatamodel; sourceTree = "<group>"; };
		489B96712554D76100E3C7B3 /* Assets.xcassets */ = {isa = PBXFileReference; lastKnownFileType = folder.assetcatalog; path = Assets.xcassets; sourceTree = "<group>"; };
		489B96742554D76100E3C7B3 /* Base */ = {isa = PBXFileReference; lastKnownFileType = file.storyboard; name = Base; path = Base.lproj/LaunchScreen.storyboard; sourceTree = "<group>"; };
		489B96762554D76100E3C7B3 /* Info.plist */ = {isa = PBXFileReference; lastKnownFileType = text.plist.xml; path = Info.plist; sourceTree = "<group>"; };
		489B967B2554D76100E3C7B3 /* WeatherInfoTests.xctest */ = {isa = PBXFileReference; explicitFileType = wrapper.cfbundle; includeInIndex = 0; path = WeatherInfoTests.xctest; sourceTree = BUILT_PRODUCTS_DIR; };
		489B967F2554D76100E3C7B3 /* WeatherInfoTests.swift */ = {isa = PBXFileReference; lastKnownFileType = sourcecode.swift; path = WeatherInfoTests.swift; sourceTree = "<group>"; };
		489B96812554D76100E3C7B3 /* Info.plist */ = {isa = PBXFileReference; lastKnownFileType = text.plist.xml; path = Info.plist; sourceTree = "<group>"; };
		489B96862554D76100E3C7B3 /* WeatherInfoUITests.xctest */ = {isa = PBXFileReference; explicitFileType = wrapper.cfbundle; includeInIndex = 0; path = WeatherInfoUITests.xctest; sourceTree = BUILT_PRODUCTS_DIR; };
		489B968A2554D76100E3C7B3 /* WeatherInfoUITests.swift */ = {isa = PBXFileReference; lastKnownFileType = sourcecode.swift; path = WeatherInfoUITests.swift; sourceTree = "<group>"; };
		489B968C2554D76100E3C7B3 /* Info.plist */ = {isa = PBXFileReference; lastKnownFileType = text.plist.xml; path = Info.plist; sourceTree = "<group>"; };
		489B96AE2554E1B800E3C7B3 /* ApiManager.swift */ = {isa = PBXFileReference; lastKnownFileType = sourcecode.swift; path = ApiManager.swift; sourceTree = "<group>"; };
		489B96B72554ED8600E3C7B3 /* WeatherInfoProperties.swift */ = {isa = PBXFileReference; lastKnownFileType = sourcecode.swift; path = WeatherInfoProperties.swift; sourceTree = "<group>"; };
		489B96BF2554EE8700E3C7B3 /* CoordinateProperties.swift */ = {isa = PBXFileReference; lastKnownFileType = sourcecode.swift; path = CoordinateProperties.swift; sourceTree = "<group>"; };
		489B96C42554EEB300E3C7B3 /* MainTempProperties.swift */ = {isa = PBXFileReference; lastKnownFileType = sourcecode.swift; path = MainTempProperties.swift; sourceTree = "<group>"; };
		489B96C92554EF0100E3C7B3 /* SysInfoProperties.swift */ = {isa = PBXFileReference; lastKnownFileType = sourcecode.swift; path = SysInfoProperties.swift; sourceTree = "<group>"; };
		489B96DA2554F06A00E3C7B3 /* WeatherProperties.swift */ = {isa = PBXFileReference; lastKnownFileType = sourcecode.swift; path = WeatherProperties.swift; sourceTree = "<group>"; };
		489B96DF2554F1C400E3C7B3 /* WindProperties.swift */ = {isa = PBXFileReference; lastKnownFileType = sourcecode.swift; path = WindProperties.swift; sourceTree = "<group>"; };
		489B96E42554F1D800E3C7B3 /* CloudsProperties.swift */ = {isa = PBXFileReference; lastKnownFileType = sourcecode.swift; path = CloudsProperties.swift; sourceTree = "<group>"; };
		489B96EF2555119F00E3C7B3 /* WeatherListViewModel.swift */ = {isa = PBXFileReference; lastKnownFileType = sourcecode.swift; path = WeatherListViewModel.swift; sourceTree = "<group>"; };
		489B96F4255511B700E3C7B3 /* WeatherDetailViewModel.swift */ = {isa = PBXFileReference; lastKnownFileType = sourcecode.swift; path = WeatherDetailViewModel.swift; sourceTree = "<group>"; };
		489B96F9255511CD00E3C7B3 /* WeatherSearchViewModel.swift */ = {isa = PBXFileReference; lastKnownFileType = sourcecode.swift; path = WeatherSearchViewModel.swift; sourceTree = "<group>"; };
		489B97022555177400E3C7B3 /* WeatherListProperties.swift */ = {isa = PBXFileReference; lastKnownFileType = sourcecode.swift; path = WeatherListProperties.swift; sourceTree = "<group>"; };
		489B970A25551CD400E3C7B3 /* StorageManager.swift */ = {isa = PBXFileReference; lastKnownFileType = sourcecode.swift; path = StorageManager.swift; sourceTree = "<group>"; };
		489B971325551D1600E3C7B3 /* StorageError.swift */ = {isa = PBXFileReference; lastKnownFileType = sourcecode.swift; path = StorageError.swift; sourceTree = "<group>"; };
		565BC51CBB4CEDAF3F23858D /* Pods-WeatherInfo.release.xcconfig */ = {isa = PBXFileReference; includeInIndex = 1; lastKnownFileType = text.xcconfig; name = "Pods-WeatherInfo.release.xcconfig"; path = "Target Support Files/Pods-WeatherInfo/Pods-WeatherInfo.release.xcconfig"; sourceTree = "<group>"; };
		6BD96B15DD7C88AA1619A9C3 /* Pods_WeatherInfoTests.framework */ = {isa = PBXFileReference; explicitFileType = wrapper.framework; includeInIndex = 0; path = Pods_WeatherInfoTests.framework; sourceTree = BUILT_PRODUCTS_DIR; };
		7F55405808ACACF92ED0BAC1 /* Pods-WeatherInfoTests.release.xcconfig */ = {isa = PBXFileReference; includeInIndex = 1; lastKnownFileType = text.xcconfig; name = "Pods-WeatherInfoTests.release.xcconfig"; path = "Target Support Files/Pods-WeatherInfoTests/Pods-WeatherInfoTests.release.xcconfig"; sourceTree = "<group>"; };
		7FC3461C5C0FF44572A5F669 /* Pods-WeatherInfoTests.debug.xcconfig */ = {isa = PBXFileReference; includeInIndex = 1; lastKnownFileType = text.xcconfig; name = "Pods-WeatherInfoTests.debug.xcconfig"; path = "Target Support Files/Pods-WeatherInfoTests/Pods-WeatherInfoTests.debug.xcconfig"; sourceTree = "<group>"; };
/* End PBXFileReference section */

/* Begin PBXFrameworksBuildPhase section */
		489B965F2554D75F00E3C7B3 /* Frameworks */ = {
			isa = PBXFrameworksBuildPhase;
			buildActionMask = 2147483647;
			files = (
				A6235417361156FCB3F7F09F /* Pods_WeatherInfo.framework in Frameworks */,
			);
			runOnlyForDeploymentPostprocessing = 0;
		};
		489B96782554D76100E3C7B3 /* Frameworks */ = {
			isa = PBXFrameworksBuildPhase;
			buildActionMask = 2147483647;
			files = (
				9E97823ACE0F2F18A43B3821 /* Pods_WeatherInfoTests.framework in Frameworks */,
			);
			runOnlyForDeploymentPostprocessing = 0;
		};
		489B96832554D76100E3C7B3 /* Frameworks */ = {
			isa = PBXFrameworksBuildPhase;
			buildActionMask = 2147483647;
			files = (
			);
			runOnlyForDeploymentPostprocessing = 0;
		};
/* End PBXFrameworksBuildPhase section */

/* Begin PBXGroup section */
		20245FC282BDE01CCEB815F3 /* Pods */ = {
			isa = PBXGroup;
			children = (
				05F77BE55EEB2E7228C44324 /* Pods-WeatherInfo.debug.xcconfig */,
				565BC51CBB4CEDAF3F23858D /* Pods-WeatherInfo.release.xcconfig */,
				7FC3461C5C0FF44572A5F669 /* Pods-WeatherInfoTests.debug.xcconfig */,
				7F55405808ACACF92ED0BAC1 /* Pods-WeatherInfoTests.release.xcconfig */,
			);
			path = Pods;
			sourceTree = "<group>";
		};
		489B96592554D75F00E3C7B3 = {
			isa = PBXGroup;
			children = (
				489B96642554D75F00E3C7B3 /* WeatherInfo */,
				489B967E2554D76100E3C7B3 /* WeatherInfoTests */,
				489B96892554D76100E3C7B3 /* WeatherInfoUITests */,
				489B96632554D75F00E3C7B3 /* Products */,
				20245FC282BDE01CCEB815F3 /* Pods */,
				5A76638EC83B1E63DA9059FE /* Frameworks */,
			);
			sourceTree = "<group>";
		};
		489B96632554D75F00E3C7B3 /* Products */ = {
			isa = PBXGroup;
			children = (
				489B96622554D75F00E3C7B3 /* WeatherInfo.app */,
				489B967B2554D76100E3C7B3 /* WeatherInfoTests.xctest */,
				489B96862554D76100E3C7B3 /* WeatherInfoUITests.xctest */,
			);
			name = Products;
			sourceTree = "<group>";
		};
		489B96642554D75F00E3C7B3 /* WeatherInfo */ = {
			isa = PBXGroup;
			children = (
				489B96762554D76100E3C7B3 /* Info.plist */,
				489B970F25551CDC00E3C7B3 /* Storage */,
				489B96FE255511D500E3C7B3 /* ViewModels */,
				489B96CE2554EF0900E3C7B3 /* Models */,
				489B96A72554DE8B00E3C7B3 /* ViewControllers */,
				489B96A32554DDFF00E3C7B3 /* Storyboards */,
				489B96B32554E1C200E3C7B3 /* Network */,
				489B96A22554DDE100E3C7B3 /* Support Files */,
				489B966E2554D75F00E3C7B3 /* WeatherInfo.xcdatamodeld */,
			);
			path = WeatherInfo;
			sourceTree = "<group>";
		};
		489B967E2554D76100E3C7B3 /* WeatherInfoTests */ = {
			isa = PBXGroup;
			children = (
				489B967F2554D76100E3C7B3 /* WeatherInfoTests.swift */,
				489B96812554D76100E3C7B3 /* Info.plist */,
			);
			path = WeatherInfoTests;
			sourceTree = "<group>";
		};
		489B96892554D76100E3C7B3 /* WeatherInfoUITests */ = {
			isa = PBXGroup;
			children = (
				489B968A2554D76100E3C7B3 /* WeatherInfoUITests.swift */,
				489B968C2554D76100E3C7B3 /* Info.plist */,
			);
			path = WeatherInfoUITests;
			sourceTree = "<group>";
		};
		489B96A22554DDE100E3C7B3 /* Support Files */ = {
			isa = PBXGroup;
			children = (
				489B96652554D75F00E3C7B3 /* AppDelegate.swift */,
				489B96712554D76100E3C7B3 /* Assets.xcassets */,
			);
			path = "Support Files";
			sourceTree = "<group>";
		};
		489B96A32554DDFF00E3C7B3 /* Storyboards */ = {
			isa = PBXGroup;
			children = (
				489B966B2554D75F00E3C7B3 /* Main.storyboard */,
				489B96732554D76100E3C7B3 /* LaunchScreen.storyboard */,
			);
			path = Storyboards;
			sourceTree = "<group>";
		};
		489B96A72554DE8B00E3C7B3 /* ViewControllers */ = {
			isa = PBXGroup;
			children = (
				489B96692554D75F00E3C7B3 /* ViewController.swift */,
			);
			path = ViewControllers;
			sourceTree = "<group>";
		};
		489B96B32554E1C200E3C7B3 /* Network */ = {
			isa = PBXGroup;
			children = (
				489B96AE2554E1B800E3C7B3 /* ApiManager.swift */,
			);
			path = Network;
			sourceTree = "<group>";
		};
		489B96CE2554EF0900E3C7B3 /* Models */ = {
			isa = PBXGroup;
			children = (
				489B97022555177400E3C7B3 /* WeatherListProperties.swift */,
				489B96B72554ED8600E3C7B3 /* WeatherInfoProperties.swift */,
				489B96BF2554EE8700E3C7B3 /* CoordinateProperties.swift */,
				489B96C42554EEB300E3C7B3 /* MainTempProperties.swift */,
				489B96C92554EF0100E3C7B3 /* SysInfoProperties.swift */,
				489B96DA2554F06A00E3C7B3 /* WeatherProperties.swift */,
				489B96DF2554F1C400E3C7B3 /* WindProperties.swift */,
				489B96E42554F1D800E3C7B3 /* CloudsProperties.swift */,
			);
			path = Models;
			sourceTree = "<group>";
		};
		489B96FE255511D500E3C7B3 /* ViewModels */ = {
			isa = PBXGroup;
			children = (
				489B96EF2555119F00E3C7B3 /* WeatherListViewModel.swift */,
				489B96F4255511B700E3C7B3 /* WeatherDetailViewModel.swift */,
				489B96F9255511CD00E3C7B3 /* WeatherSearchViewModel.swift */,
			);
			path = ViewModels;
			sourceTree = "<group>";
		};
		489B970F25551CDC00E3C7B3 /* Storage */ = {
			isa = PBXGroup;
			children = (
				489B970A25551CD400E3C7B3 /* StorageManager.swift */,
				489B971325551D1600E3C7B3 /* StorageError.swift */,
			);
			path = Storage;
			sourceTree = "<group>";
		};
		5A76638EC83B1E63DA9059FE /* Frameworks */ = {
			isa = PBXGroup;
			children = (
				1AE60DB14C6B585F6A7296BB /* Pods_WeatherInfo.framework */,
				6BD96B15DD7C88AA1619A9C3 /* Pods_WeatherInfoTests.framework */,
			);
			name = Frameworks;
			sourceTree = "<group>";
		};
/* End PBXGroup section */

/* Begin PBXNativeTarget section */
		489B96612554D75F00E3C7B3 /* WeatherInfo */ = {
			isa = PBXNativeTarget;
			buildConfigurationList = 489B968F2554D76100E3C7B3 /* Build configuration list for PBXNativeTarget "WeatherInfo" */;
			buildPhases = (
				777A98EBF3E42AD32818474B /* [CP] Check Pods Manifest.lock */,
				489B965E2554D75F00E3C7B3 /* Sources */,
				489B965F2554D75F00E3C7B3 /* Frameworks */,
				489B96602554D75F00E3C7B3 /* Resources */,
				C3B8BF3C9FAA5D936CB35BF1 /* [CP] Embed Pods Frameworks */,
			);
			buildRules = (
			);
			dependencies = (
			);
			name = WeatherInfo;
			productName = WeatherInfo;
			productReference = 489B96622554D75F00E3C7B3 /* WeatherInfo.app */;
			productType = "com.apple.product-type.application";
		};
		489B967A2554D76100E3C7B3 /* WeatherInfoTests */ = {
			isa = PBXNativeTarget;
			buildConfigurationList = 489B96922554D76100E3C7B3 /* Build configuration list for PBXNativeTarget "WeatherInfoTests" */;
			buildPhases = (
				9F942CAD4E65521B9CBA1F02 /* [CP] Check Pods Manifest.lock */,
				489B96772554D76100E3C7B3 /* Sources */,
				489B96782554D76100E3C7B3 /* Frameworks */,
				489B96792554D76100E3C7B3 /* Resources */,
				F9F614BB8DE85F1BB2CAB8B0 /* [CP] Embed Pods Frameworks */,
			);
			buildRules = (
			);
			dependencies = (
				489B967D2554D76100E3C7B3 /* PBXTargetDependency */,
			);
			name = WeatherInfoTests;
			productName = WeatherInfoTests;
			productReference = 489B967B2554D76100E3C7B3 /* WeatherInfoTests.xctest */;
			productType = "com.apple.product-type.bundle.unit-test";
		};
		489B96852554D76100E3C7B3 /* WeatherInfoUITests */ = {
			isa = PBXNativeTarget;
			buildConfigurationList = 489B96952554D76100E3C7B3 /* Build configuration list for PBXNativeTarget "WeatherInfoUITests" */;
			buildPhases = (
				489B96822554D76100E3C7B3 /* Sources */,
				489B96832554D76100E3C7B3 /* Frameworks */,
				489B96842554D76100E3C7B3 /* Resources */,
			);
			buildRules = (
			);
			dependencies = (
				489B96882554D76100E3C7B3 /* PBXTargetDependency */,
			);
			name = WeatherInfoUITests;
			productName = WeatherInfoUITests;
			productReference = 489B96862554D76100E3C7B3 /* WeatherInfoUITests.xctest */;
			productType = "com.apple.product-type.bundle.ui-testing";
		};
/* End PBXNativeTarget section */

/* Begin PBXProject section */
		489B965A2554D75F00E3C7B3 /* Project object */ = {
			isa = PBXProject;
			attributes = {
				LastSwiftUpdateCheck = 1210;
				LastUpgradeCheck = 1210;
				TargetAttributes = {
					489B96612554D75F00E3C7B3 = {
						CreatedOnToolsVersion = 12.1;
					};
					489B967A2554D76100E3C7B3 = {
						CreatedOnToolsVersion = 12.1;
						TestTargetID = 489B96612554D75F00E3C7B3;
					};
					489B96852554D76100E3C7B3 = {
						CreatedOnToolsVersion = 12.1;
						TestTargetID = 489B96612554D75F00E3C7B3;
					};
				};
			};
			buildConfigurationList = 489B965D2554D75F00E3C7B3 /* Build configuration list for PBXProject "WeatherInfo" */;
			compatibilityVersion = "Xcode 9.3";
			developmentRegion = en;
			hasScannedForEncodings = 0;
			knownRegions = (
				en,
				Base,
			);
			mainGroup = 489B96592554D75F00E3C7B3;
			productRefGroup = 489B96632554D75F00E3C7B3 /* Products */;
			projectDirPath = "";
			projectRoot = "";
			targets = (
				489B96612554D75F00E3C7B3 /* WeatherInfo */,
				489B967A2554D76100E3C7B3 /* WeatherInfoTests */,
				489B96852554D76100E3C7B3 /* WeatherInfoUITests */,
			);
		};
/* End PBXProject section */

/* Begin PBXResourcesBuildPhase section */
		489B96602554D75F00E3C7B3 /* Resources */ = {
			isa = PBXResourcesBuildPhase;
			buildActionMask = 2147483647;
			files = (
				489B96752554D76100E3C7B3 /* LaunchScreen.storyboard in Resources */,
				489B96722554D76100E3C7B3 /* Assets.xcassets in Resources */,
				489B966D2554D75F00E3C7B3 /* Main.storyboard in Resources */,
			);
			runOnlyForDeploymentPostprocessing = 0;
		};
		489B96792554D76100E3C7B3 /* Resources */ = {
			isa = PBXResourcesBuildPhase;
			buildActionMask = 2147483647;
			files = (
			);
			runOnlyForDeploymentPostprocessing = 0;
		};
		489B96842554D76100E3C7B3 /* Resources */ = {
			isa = PBXResourcesBuildPhase;
			buildActionMask = 2147483647;
			files = (
			);
			runOnlyForDeploymentPostprocessing = 0;
		};
/* End PBXResourcesBuildPhase section */

/* Begin PBXShellScriptBuildPhase section */
		777A98EBF3E42AD32818474B /* [CP] Check Pods Manifest.lock */ = {
			isa = PBXShellScriptBuildPhase;
			buildActionMask = 2147483647;
			files = (
			);
			inputFileListPaths = (
			);
			inputPaths = (
				"${PODS_PODFILE_DIR_PATH}/Podfile.lock",
				"${PODS_ROOT}/Manifest.lock",
			);
			name = "[CP] Check Pods Manifest.lock";
			outputFileListPaths = (
			);
			outputPaths = (
				"$(DERIVED_FILE_DIR)/Pods-WeatherInfo-checkManifestLockResult.txt",
			);
			runOnlyForDeploymentPostprocessing = 0;
			shellPath = /bin/sh;
			shellScript = "diff \"${PODS_PODFILE_DIR_PATH}/Podfile.lock\" \"${PODS_ROOT}/Manifest.lock\" > /dev/null\nif [ $? != 0 ] ; then\n    # print error to STDERR\n    echo \"error: The sandbox is not in sync with the Podfile.lock. Run 'pod install' or update your CocoaPods installation.\" >&2\n    exit 1\nfi\n# This output is used by Xcode 'outputs' to avoid re-running this script phase.\necho \"SUCCESS\" > \"${SCRIPT_OUTPUT_FILE_0}\"\n";
			showEnvVarsInLog = 0;
		};
		9F942CAD4E65521B9CBA1F02 /* [CP] Check Pods Manifest.lock */ = {
			isa = PBXShellScriptBuildPhase;
			buildActionMask = 2147483647;
			files = (
			);
			inputFileListPaths = (
			);
			inputPaths = (
				"${PODS_PODFILE_DIR_PATH}/Podfile.lock",
				"${PODS_ROOT}/Manifest.lock",
			);
			name = "[CP] Check Pods Manifest.lock";
			outputFileListPaths = (
			);
			outputPaths = (
				"$(DERIVED_FILE_DIR)/Pods-WeatherInfoTests-checkManifestLockResult.txt",
			);
			runOnlyForDeploymentPostprocessing = 0;
			shellPath = /bin/sh;
			shellScript = "diff \"${PODS_PODFILE_DIR_PATH}/Podfile.lock\" \"${PODS_ROOT}/Manifest.lock\" > /dev/null\nif [ $? != 0 ] ; then\n    # print error to STDERR\n    echo \"error: The sandbox is not in sync with the Podfile.lock. Run 'pod install' or update your CocoaPods installation.\" >&2\n    exit 1\nfi\n# This output is used by Xcode 'outputs' to avoid re-running this script phase.\necho \"SUCCESS\" > \"${SCRIPT_OUTPUT_FILE_0}\"\n";
			showEnvVarsInLog = 0;
		};
		C3B8BF3C9FAA5D936CB35BF1 /* [CP] Embed Pods Frameworks */ = {
			isa = PBXShellScriptBuildPhase;
			buildActionMask = 2147483647;
			files = (
			);
			inputFileListPaths = (
				"${PODS_ROOT}/Target Support Files/Pods-WeatherInfo/Pods-WeatherInfo-frameworks-${CONFIGURATION}-input-files.xcfilelist",
			);
			name = "[CP] Embed Pods Frameworks";
			outputFileListPaths = (
				"${PODS_ROOT}/Target Support Files/Pods-WeatherInfo/Pods-WeatherInfo-frameworks-${CONFIGURATION}-output-files.xcfilelist",
			);
			runOnlyForDeploymentPostprocessing = 0;
			shellPath = /bin/sh;
			shellScript = "\"${PODS_ROOT}/Target Support Files/Pods-WeatherInfo/Pods-WeatherInfo-frameworks.sh\"\n";
			showEnvVarsInLog = 0;
		};
		F9F614BB8DE85F1BB2CAB8B0 /* [CP] Embed Pods Frameworks */ = {
			isa = PBXShellScriptBuildPhase;
			buildActionMask = 2147483647;
			files = (
			);
			inputFileListPaths = (
				"${PODS_ROOT}/Target Support Files/Pods-WeatherInfoTests/Pods-WeatherInfoTests-frameworks-${CONFIGURATION}-input-files.xcfilelist",
			);
			name = "[CP] Embed Pods Frameworks";
			outputFileListPaths = (
				"${PODS_ROOT}/Target Support Files/Pods-WeatherInfoTests/Pods-WeatherInfoTests-frameworks-${CONFIGURATION}-output-files.xcfilelist",
			);
			runOnlyForDeploymentPostprocessing = 0;
			shellPath = /bin/sh;
			shellScript = "\"${PODS_ROOT}/Target Support Files/Pods-WeatherInfoTests/Pods-WeatherInfoTests-frameworks.sh\"\n";
			showEnvVarsInLog = 0;
		};
/* End PBXShellScriptBuildPhase section */

/* Begin PBXSourcesBuildPhase section */
		489B965E2554D75F00E3C7B3 /* Sources */ = {
			isa = PBXSourcesBuildPhase;
			buildActionMask = 2147483647;
			files = (
				489B96E52554F1D800E3C7B3 /* CloudsProperties.swift in Sources */,
				489B96AF2554E1B800E3C7B3 /* ApiManager.swift in Sources */,
				489B96702554D75F00E3C7B3 /* WeatherInfo.xcdatamodeld in Sources */,
				489B97032555177400E3C7B3 /* WeatherListProperties.swift in Sources */,
				489B96FA255511CD00E3C7B3 /* WeatherSearchViewModel.swift in Sources */,
				489B96DB2554F06A00E3C7B3 /* WeatherProperties.swift in Sources */,
				489B96CA2554EF0100E3C7B3 /* SysInfoProperties.swift in Sources */,
				489B966A2554D75F00E3C7B3 /* ViewController.swift in Sources */,
				489B96B82554ED8600E3C7B3 /* WeatherInfoProperties.swift in Sources */,
				489B96C02554EE8700E3C7B3 /* CoordinateProperties.swift in Sources */,
				489B96662554D75F00E3C7B3 /* AppDelegate.swift in Sources */,
				489B971425551D1600E3C7B3 /* StorageError.swift in Sources */,
				489B96F02555119F00E3C7B3 /* WeatherListViewModel.swift in Sources */,
				489B96E02554F1C400E3C7B3 /* WindProperties.swift in Sources */,
				489B96C52554EEB300E3C7B3 /* MainTempProperties.swift in Sources */,
				489B96F5255511B700E3C7B3 /* WeatherDetailViewModel.swift in Sources */,
				489B970B25551CD400E3C7B3 /* StorageManager.swift in Sources */,
			);
			runOnlyForDeploymentPostprocessing = 0;
		};
		489B96772554D76100E3C7B3 /* Sources */ = {
			isa = PBXSourcesBuildPhase;
			buildActionMask = 2147483647;
			files = (
				489B96802554D76100E3C7B3 /* WeatherInfoTests.swift in Sources */,
			);
			runOnlyForDeploymentPostprocessing = 0;
		};
		489B96822554D76100E3C7B3 /* Sources */ = {
			isa = PBXSourcesBuildPhase;
			buildActionMask = 2147483647;
			files = (
				489B968B2554D76100E3C7B3 /* WeatherInfoUITests.swift in Sources */,
			);
			runOnlyForDeploymentPostprocessing = 0;
		};
/* End PBXSourcesBuildPhase section */

/* Begin PBXTargetDependency section */
		489B967D2554D76100E3C7B3 /* PBXTargetDependency */ = {
			isa = PBXTargetDependency;
			target = 489B96612554D75F00E3C7B3 /* WeatherInfo */;
			targetProxy = 489B967C2554D76100E3C7B3 /* PBXContainerItemProxy */;
		};
		489B96882554D76100E3C7B3 /* PBXTargetDependency */ = {
			isa = PBXTargetDependency;
			target = 489B96612554D75F00E3C7B3 /* WeatherInfo */;
			targetProxy = 489B96872554D76100E3C7B3 /* PBXContainerItemProxy */;
		};
/* End PBXTargetDependency section */

/* Begin PBXVariantGroup section */
		489B966B2554D75F00E3C7B3 /* Main.storyboard */ = {
			isa = PBXVariantGroup;
			children = (
				489B966C2554D75F00E3C7B3 /* Base */,
			);
			name = Main.storyboard;
			sourceTree = "<group>";
		};
		489B96732554D76100E3C7B3 /* LaunchScreen.storyboard */ = {
			isa = PBXVariantGroup;
			children = (
				489B96742554D76100E3C7B3 /* Base */,
			);
			name = LaunchScreen.storyboard;
			sourceTree = "<group>";
		};
/* End PBXVariantGroup section */

/* Begin XCBuildConfiguration section */
		489B968D2554D76100E3C7B3 /* Debug */ = {
			isa = XCBuildConfiguration;
			buildSettings = {
				ALWAYS_SEARCH_USER_PATHS = NO;
				CLANG_ANALYZER_NONNULL = YES;
				CLANG_ANALYZER_NUMBER_OBJECT_CONVERSION = YES_AGGRESSIVE;
				CLANG_CXX_LANGUAGE_STANDARD = "gnu++14";
				CLANG_CXX_LIBRARY = "libc++";
				CLANG_ENABLE_MODULES = YES;
				CLANG_ENABLE_OBJC_ARC = YES;
				CLANG_ENABLE_OBJC_WEAK = YES;
				CLANG_WARN_BLOCK_CAPTURE_AUTORELEASING = YES;
				CLANG_WARN_BOOL_CONVERSION = YES;
				CLANG_WARN_COMMA = YES;
				CLANG_WARN_CONSTANT_CONVERSION = YES;
				CLANG_WARN_DEPRECATED_OBJC_IMPLEMENTATIONS = YES;
				CLANG_WARN_DIRECT_OBJC_ISA_USAGE = YES_ERROR;
				CLANG_WARN_DOCUMENTATION_COMMENTS = YES;
				CLANG_WARN_EMPTY_BODY = YES;
				CLANG_WARN_ENUM_CONVERSION = YES;
				CLANG_WARN_INFINITE_RECURSION = YES;
				CLANG_WARN_INT_CONVERSION = YES;
				CLANG_WARN_NON_LITERAL_NULL_CONVERSION = YES;
				CLANG_WARN_OBJC_IMPLICIT_RETAIN_SELF = YES;
				CLANG_WARN_OBJC_LITERAL_CONVERSION = YES;
				CLANG_WARN_OBJC_ROOT_CLASS = YES_ERROR;
				CLANG_WARN_QUOTED_INCLUDE_IN_FRAMEWORK_HEADER = YES;
				CLANG_WARN_RANGE_LOOP_ANALYSIS = YES;
				CLANG_WARN_STRICT_PROTOTYPES = YES;
				CLANG_WARN_SUSPICIOUS_MOVE = YES;
				CLANG_WARN_UNGUARDED_AVAILABILITY = YES_AGGRESSIVE;
				CLANG_WARN_UNREACHABLE_CODE = YES;
				CLANG_WARN__DUPLICATE_METHOD_MATCH = YES;
				COPY_PHASE_STRIP = NO;
				DEBUG_INFORMATION_FORMAT = dwarf;
				ENABLE_STRICT_OBJC_MSGSEND = YES;
				ENABLE_TESTABILITY = YES;
				GCC_C_LANGUAGE_STANDARD = gnu11;
				GCC_DYNAMIC_NO_PIC = NO;
				GCC_NO_COMMON_BLOCKS = YES;
				GCC_OPTIMIZATION_LEVEL = 0;
				GCC_PREPROCESSOR_DEFINITIONS = (
					"DEBUG=1",
					"$(inherited)",
				);
				GCC_WARN_64_TO_32_BIT_CONVERSION = YES;
				GCC_WARN_ABOUT_RETURN_TYPE = YES_ERROR;
				GCC_WARN_UNDECLARED_SELECTOR = YES;
				GCC_WARN_UNINITIALIZED_AUTOS = YES_AGGRESSIVE;
				GCC_WARN_UNUSED_FUNCTION = YES;
				GCC_WARN_UNUSED_VARIABLE = YES;
				IPHONEOS_DEPLOYMENT_TARGET = 14.1;
				MTL_ENABLE_DEBUG_INFO = INCLUDE_SOURCE;
				MTL_FAST_MATH = YES;
				ONLY_ACTIVE_ARCH = YES;
				SDKROOT = iphoneos;
				SWIFT_ACTIVE_COMPILATION_CONDITIONS = DEBUG;
				SWIFT_OPTIMIZATION_LEVEL = "-Onone";
			};
			name = Debug;
		};
		489B968E2554D76100E3C7B3 /* Release */ = {
			isa = XCBuildConfiguration;
			buildSettings = {
				ALWAYS_SEARCH_USER_PATHS = NO;
				CLANG_ANALYZER_NONNULL = YES;
				CLANG_ANALYZER_NUMBER_OBJECT_CONVERSION = YES_AGGRESSIVE;
				CLANG_CXX_LANGUAGE_STANDARD = "gnu++14";
				CLANG_CXX_LIBRARY = "libc++";
				CLANG_ENABLE_MODULES = YES;
				CLANG_ENABLE_OBJC_ARC = YES;
				CLANG_ENABLE_OBJC_WEAK = YES;
				CLANG_WARN_BLOCK_CAPTURE_AUTORELEASING = YES;
				CLANG_WARN_BOOL_CONVERSION = YES;
				CLANG_WARN_COMMA = YES;
				CLANG_WARN_CONSTANT_CONVERSION = YES;
				CLANG_WARN_DEPRECATED_OBJC_IMPLEMENTATIONS = YES;
				CLANG_WARN_DIRECT_OBJC_ISA_USAGE = YES_ERROR;
				CLANG_WARN_DOCUMENTATION_COMMENTS = YES;
				CLANG_WARN_EMPTY_BODY = YES;
				CLANG_WARN_ENUM_CONVERSION = YES;
				CLANG_WARN_INFINITE_RECURSION = YES;
				CLANG_WARN_INT_CONVERSION = YES;
				CLANG_WARN_NON_LITERAL_NULL_CONVERSION = YES;
				CLANG_WARN_OBJC_IMPLICIT_RETAIN_SELF = YES;
				CLANG_WARN_OBJC_LITERAL_CONVERSION = YES;
				CLANG_WARN_OBJC_ROOT_CLASS = YES_ERROR;
				CLANG_WARN_QUOTED_INCLUDE_IN_FRAMEWORK_HEADER = YES;
				CLANG_WARN_RANGE_LOOP_ANALYSIS = YES;
				CLANG_WARN_STRICT_PROTOTYPES = YES;
				CLANG_WARN_SUSPICIOUS_MOVE = YES;
				CLANG_WARN_UNGUARDED_AVAILABILITY = YES_AGGRESSIVE;
				CLANG_WARN_UNREACHABLE_CODE = YES;
				CLANG_WARN__DUPLICATE_METHOD_MATCH = YES;
				COPY_PHASE_STRIP = NO;
				DEBUG_INFORMATION_FORMAT = "dwarf-with-dsym";
				ENABLE_NS_ASSERTIONS = NO;
				ENABLE_STRICT_OBJC_MSGSEND = YES;
				GCC_C_LANGUAGE_STANDARD = gnu11;
				GCC_NO_COMMON_BLOCKS = YES;
				GCC_WARN_64_TO_32_BIT_CONVERSION = YES;
				GCC_WARN_ABOUT_RETURN_TYPE = YES_ERROR;
				GCC_WARN_UNDECLARED_SELECTOR = YES;
				GCC_WARN_UNINITIALIZED_AUTOS = YES_AGGRESSIVE;
				GCC_WARN_UNUSED_FUNCTION = YES;
				GCC_WARN_UNUSED_VARIABLE = YES;
				IPHONEOS_DEPLOYMENT_TARGET = 14.1;
				MTL_ENABLE_DEBUG_INFO = NO;
				MTL_FAST_MATH = YES;
				SDKROOT = iphoneos;
				SWIFT_COMPILATION_MODE = wholemodule;
				SWIFT_OPTIMIZATION_LEVEL = "-O";
				VALIDATE_PRODUCT = YES;
			};
			name = Release;
		};
		489B96902554D76100E3C7B3 /* Debug */ = {
			isa = XCBuildConfiguration;
			baseConfigurationReference = 05F77BE55EEB2E7228C44324 /* Pods-WeatherInfo.debug.xcconfig */;
			buildSettings = {
				ASSETCATALOG_COMPILER_APPICON_NAME = AppIcon;
				ASSETCATALOG_COMPILER_GLOBAL_ACCENT_COLOR_NAME = AccentColor;
				CODE_SIGN_STYLE = Automatic;
				DEVELOPMENT_TEAM = KD52S78RQ3;
				INFOPLIST_FILE = WeatherInfo/Info.plist;
				LD_RUNPATH_SEARCH_PATHS = (
					"$(inherited)",
					"@executable_path/Frameworks",
				);
				PRODUCT_BUNDLE_IDENTIFIER = com.yicongli.WeatherInfo;
				PRODUCT_NAME = "$(TARGET_NAME)";
				SWIFT_VERSION = 5.0;
				TARGETED_DEVICE_FAMILY = "1,2";
			};
			name = Debug;
		};
		489B96912554D76100E3C7B3 /* Release */ = {
			isa = XCBuildConfiguration;
			baseConfigurationReference = 565BC51CBB4CEDAF3F23858D /* Pods-WeatherInfo.release.xcconfig */;
			buildSettings = {
				ASSETCATALOG_COMPILER_APPICON_NAME = AppIcon;
				ASSETCATALOG_COMPILER_GLOBAL_ACCENT_COLOR_NAME = AccentColor;
				CODE_SIGN_STYLE = Automatic;
				DEVELOPMENT_TEAM = KD52S78RQ3;
				INFOPLIST_FILE = WeatherInfo/Info.plist;
				LD_RUNPATH_SEARCH_PATHS = (
					"$(inherited)",
					"@executable_path/Frameworks",
				);
				PRODUCT_BUNDLE_IDENTIFIER = com.yicongli.WeatherInfo;
				PRODUCT_NAME = "$(TARGET_NAME)";
				SWIFT_VERSION = 5.0;
				TARGETED_DEVICE_FAMILY = "1,2";
			};
			name = Release;
		};
		489B96932554D76100E3C7B3 /* Debug */ = {
			isa = XCBuildConfiguration;
			baseConfigurationReference = 7FC3461C5C0FF44572A5F669 /* Pods-WeatherInfoTests.debug.xcconfig */;
			buildSettings = {
				ALWAYS_EMBED_SWIFT_STANDARD_LIBRARIES = YES;
				BUNDLE_LOADER = "$(TEST_HOST)";
				CODE_SIGN_STYLE = Automatic;
				DEVELOPMENT_TEAM = KD52S78RQ3;
				INFOPLIST_FILE = WeatherInfoTests/Info.plist;
				IPHONEOS_DEPLOYMENT_TARGET = 14.1;
				LD_RUNPATH_SEARCH_PATHS = (
					"$(inherited)",
					"@executable_path/Frameworks",
					"@loader_path/Frameworks",
				);
				PRODUCT_BUNDLE_IDENTIFIER = com.yicongli.WeatherInfoTests;
				PRODUCT_NAME = "$(TARGET_NAME)";
				SWIFT_VERSION = 5.0;
				TARGETED_DEVICE_FAMILY = "1,2";
				TEST_HOST = "$(BUILT_PRODUCTS_DIR)/WeatherInfo.app/WeatherInfo";
			};
			name = Debug;
		};
		489B96942554D76100E3C7B3 /* Release */ = {
			isa = XCBuildConfiguration;
			baseConfigurationReference = 7F55405808ACACF92ED0BAC1 /* Pods-WeatherInfoTests.release.xcconfig */;
			buildSettings = {
				ALWAYS_EMBED_SWIFT_STANDARD_LIBRARIES = YES;
				BUNDLE_LOADER = "$(TEST_HOST)";
				CODE_SIGN_STYLE = Automatic;
				DEVELOPMENT_TEAM = KD52S78RQ3;
				INFOPLIST_FILE = WeatherInfoTests/Info.plist;
				IPHONEOS_DEPLOYMENT_TARGET = 14.1;
				LD_RUNPATH_SEARCH_PATHS = (
					"$(inherited)",
					"@executable_path/Frameworks",
					"@loader_path/Frameworks",
				);
				PRODUCT_BUNDLE_IDENTIFIER = com.yicongli.WeatherInfoTests;
				PRODUCT_NAME = "$(TARGET_NAME)";
				SWIFT_VERSION = 5.0;
				TARGETED_DEVICE_FAMILY = "1,2";
				TEST_HOST = "$(BUILT_PRODUCTS_DIR)/WeatherInfo.app/WeatherInfo";
			};
			name = Release;
		};
		489B96962554D76100E3C7B3 /* Debug */ = {
			isa = XCBuildConfiguration;
			buildSettings = {
				ALWAYS_EMBED_SWIFT_STANDARD_LIBRARIES = YES;
				CODE_SIGN_STYLE = Automatic;
				DEVELOPMENT_TEAM = KD52S78RQ3;
				INFOPLIST_FILE = WeatherInfoUITests/Info.plist;
				LD_RUNPATH_SEARCH_PATHS = (
					"$(inherited)",
					"@executable_path/Frameworks",
					"@loader_path/Frameworks",
				);
				PRODUCT_BUNDLE_IDENTIFIER = com.yicongli.WeatherInfoUITests;
				PRODUCT_NAME = "$(TARGET_NAME)";
				SWIFT_VERSION = 5.0;
				TARGETED_DEVICE_FAMILY = "1,2";
				TEST_TARGET_NAME = WeatherInfo;
			};
			name = Debug;
		};
		489B96972554D76100E3C7B3 /* Release */ = {
			isa = XCBuildConfiguration;
			buildSettings = {
				ALWAYS_EMBED_SWIFT_STANDARD_LIBRARIES = YES;
				CODE_SIGN_STYLE = Automatic;
				DEVELOPMENT_TEAM = KD52S78RQ3;
				INFOPLIST_FILE = WeatherInfoUITests/Info.plist;
				LD_RUNPATH_SEARCH_PATHS = (
					"$(inherited)",
					"@executable_path/Frameworks",
					"@loader_path/Frameworks",
				);
				PRODUCT_BUNDLE_IDENTIFIER = com.yicongli.WeatherInfoUITests;
				PRODUCT_NAME = "$(TARGET_NAME)";
				SWIFT_VERSION = 5.0;
				TARGETED_DEVICE_FAMILY = "1,2";
				TEST_TARGET_NAME = WeatherInfo;
			};
			name = Release;
		};
/* End XCBuildConfiguration section */

/* Begin XCConfigurationList section */
		489B965D2554D75F00E3C7B3 /* Build configuration list for PBXProject "WeatherInfo" */ = {
			isa = XCConfigurationList;
			buildConfigurations = (
				489B968D2554D76100E3C7B3 /* Debug */,
				489B968E2554D76100E3C7B3 /* Release */,
			);
			defaultConfigurationIsVisible = 0;
			defaultConfigurationName = Release;
		};
		489B968F2554D76100E3C7B3 /* Build configuration list for PBXNativeTarget "WeatherInfo" */ = {
			isa = XCConfigurationList;
			buildConfigurations = (
				489B96902554D76100E3C7B3 /* Debug */,
				489B96912554D76100E3C7B3 /* Release */,
			);
			defaultConfigurationIsVisible = 0;
			defaultConfigurationName = Release;
		};
		489B96922554D76100E3C7B3 /* Build configuration list for PBXNativeTarget "WeatherInfoTests" */ = {
			isa = XCConfigurationList;
			buildConfigurations = (
				489B96932554D76100E3C7B3 /* Debug */,
				489B96942554D76100E3C7B3 /* Release */,
			);
			defaultConfigurationIsVisible = 0;
			defaultConfigurationName = Release;
		};
		489B96952554D76100E3C7B3 /* Build configuration list for PBXNativeTarget "WeatherInfoUITests" */ = {
			isa = XCConfigurationList;
			buildConfigurations = (
				489B96962554D76100E3C7B3 /* Debug */,
				489B96972554D76100E3C7B3 /* Release */,
			);
			defaultConfigurationIsVisible = 0;
			defaultConfigurationName = Release;
		};
/* End XCConfigurationList section */

/* Begin XCVersionGroup section */
		489B966E2554D75F00E3C7B3 /* WeatherInfo.xcdatamodeld */ = {
			isa = XCVersionGroup;
			children = (
				489B966F2554D75F00E3C7B3 /* WeatherInfo.xcdatamodel */,
			);
			currentVersion = 489B966F2554D75F00E3C7B3 /* WeatherInfo.xcdatamodel */;
			path = WeatherInfo.xcdatamodeld;
			sourceTree = "<group>";
			versionGroupType = wrapper.xcdatamodel;
		};
/* End XCVersionGroup section */
	};
	rootObject = 489B965A2554D75F00E3C7B3 /* Project object */;
}
